{
  "name": "cd91540867942c9c",
  "lockfileVersion": 3,
  "requires": true,
  "packages": {
    "": {
      "dependencies": {
        "apifox-mcp-server": "^0.0.17"
      }
    },
    "node_modules/apifox-mcp-server": {
      "version": "0.0.17",
      "resolved": "https://registry.npmmirror.com/apifox-mcp-server/-/apifox-mcp-server-0.0.17.tgz",
      "integrity": "sha512-x8KI6c9rsSeGN2C5G0I9YQf2XAq14p5QYLvNolzORfeC1/b9wvGa8OS6ziqpeHd+J024gDScv0FFPwqOfkwWbA==",
      "license": "ISC",
      "bin": {
        "apifox-mcp-server": "lib/index.js"
      }
    }
  }
}
